
Microsoft Visual Studio Solution File, Format Version 12.00
# Visual Studio Version 16
VisualStudioVersion = 16.0.33027.164
MinimumVisualStudioVersion = 10.0.40219.1
Project("{FAE04EC0-301F-11D3-BF4B-00C04F79EFBC}") = "QuanLyNhanSuFPT_PhamThiTuyetLan", "QuanLyNhanSuFPT_PhamThiTuyetLan\QuanLyNhanSuFPT_PhamThiTuyetLan.csproj", "{58DA6C7C-7EB5-4151-8FEB-608A69253B2A}"
EndProject
Project("{54435603-DBB4-11D2-8724-00A0C9A8B90C}") = "Setup_QLNS", "Setup_QLNS\Setup_QLNS.vdproj", "{CC37EA7A-44E7-4790-8FE3-90131AB02393}"
EndProject
Global
	GlobalSection(SolutionConfigurationPlatforms) = preSolution
		Debug|Any CPU = Debug|Any CPU
		Release|Any CPU = Release|Any CPU
	EndGlobalSection
	GlobalSection(ProjectConfigurationPlatforms) = postSolution
		{58DA6C7C-7EB5-4151-8FEB-608A69253B2A}.Debug|Any CPU.ActiveCfg = Debug|Any CPU
		{58DA6C7C-7EB5-4151-8FEB-608A69253B2A}.Debug|Any CPU.Build.0 = Debug|Any CPU
		{58DA6C7C-7EB5-4151-8FEB-608A69253B2A}.Release|Any CPU.ActiveCfg = Release|Any CPU
		{58DA6C7C-7EB5-4151-8FEB-608A69253B2A}.Release|Any CPU.Build.0 = Release|Any CPU
		{CC37EA7A-44E7-4790-8FE3-90131AB02393}.Debug|Any CPU.ActiveCfg = Debug
		{CC37EA7A-44E7-4790-8FE3-90131AB02393}.Release|Any CPU.ActiveCfg = Release
	EndGlobalSection
	GlobalSection(SolutionProperties) = preSolution
		HideSolutionNode = FALSE
	EndGlobalSection
	GlobalSection(ExtensibilityGlobals) = postSolution
		SolutionGuid = {67AF4261-9586-4F92-8574-8435FF1876A8}
	EndGlobalSection
EndGlobal
